
Microsoft Visual Studio Solution File, Format Version 12.00
# Visual Studio 15
VisualStudioVersion = 15.0.27703.2035
MinimumVisualStudioVersion = 10.0.40219.1
Project("{FAE04EC0-301F-11D3-BF4B-00C04F79EFBC}") = "MvcMovie", "MvcMovie\MvcMovie.csproj", "{D7CD87A4-2113-45BC-86DF-31AFF63BD18F}"
EndProject
Global
	GlobalSection(SolutionConfigurationPlatforms) = preSolution
		Debug|Any CPU = Debug|Any CPU
		Release|Any CPU = Release|Any CPU
	EndGlobalSection
	GlobalSection(ProjectConfigurationPlatforms) = postSolution
		{D7CD87A4-2113-45BC-86DF-31AFF63BD18F}.Debug|Any CPU.ActiveCfg = Debug|Any CPU
		{D7CD87A4-2113-45BC-86DF-31AFF63BD18F}.Debug|Any CPU.Build.0 = Debug|Any CPU
		{D7CD87A4-2113-45BC-86DF-31AFF63BD18F}.Release|Any CPU.ActiveCfg = Release|Any CPU
		{D7CD87A4-2113-45BC-86DF-31AFF63BD18F}.Release|Any CPU.Build.0 = Release|Any CPU
	EndGlobalSection
	GlobalSection(SolutionProperties) = preSolution
		HideSolutionNode = FALSE
	EndGlobalSection
	GlobalSection(ExtensibilityGlobals) = postSolution
		SolutionGuid = {2F6D810D-D2D9-473A-BC15-725F890623A0}
	EndGlobalSection
EndGlobal
